
Microsoft Visual Studio Solution File, Format Version 12.00
# Visual Studio 2012
Project("{2150E333-8FDC-42A3-9474-1A3956D46DE8}") = "src", "src", "{D30677E3-8AD7-4F3B-ADF8-353F61279782}"
EndProject
Project("{FAE04EC0-301F-11D3-BF4B-00C04F79EFBC}") = "Jorros.SparBackend.Store", "src\Jorros.SparBackend.Store\Jorros.SparBackend.Store.csproj", "{7744ADA4-AA81-4389-A016-23004F70AE07}"
EndProject
Project("{FAE04EC0-301F-11D3-BF4B-00C04F79EFBC}") = "Jorros.SparBackend.Store.Static", "src\Jorros.SparBackend.Store.Static\Jorros.SparBackend.Store.Static.csproj", "{5FA23510-6902-4615-8592-60F80AF7B107}"
EndProject
Project("{2150E333-8FDC-42A3-9474-1A3956D46DE8}") = "Domain", "Domain", "{7880C223-0318-4307-843F-4BA91725BCC5}"
EndProject
Project("{2150E333-8FDC-42A3-9474-1A3956D46DE8}") = "Store", "Store", "{C2E8A6E4-5235-4F8E-8784-88B244F65DFE}"
EndProject
Project("{2150E333-8FDC-42A3-9474-1A3956D46DE8}") = "Delivery", "Delivery", "{568FD5E6-9AD0-4CF0-A41D-E763D440E8F0}"
EndProject
Project("{FAE04EC0-301F-11D3-BF4B-00C04F79EFBC}") = "Jorros.SparBackend.Entities", "src\Jorros.SparBackend.Entities\Jorros.SparBackend.Entities.csproj", "{E7AA4037-A065-45D3-B5E7-D774F89529B5}"
EndProject
Project("{2150E333-8FDC-42A3-9474-1A3956D46DE8}") = "Services", "Services", "{DA742B1C-66DB-480E-A1B6-EB3CCB907721}"
EndProject
Project("{FAE04EC0-301F-11D3-BF4B-00C04F79EFBC}") = "Jorros.SparBackend.Services", "src\Jorros.SparBackend.Services\Jorros.SparBackend.Services.csproj", "{39103BEA-45CE-470C-93FE-AC54ED69B715}"
EndProject
Global
	GlobalSection(SolutionConfigurationPlatforms) = preSolution
		Debug|Any CPU = Debug|Any CPU
		Release|Any CPU = Release|Any CPU
	EndGlobalSection
	GlobalSection(ProjectConfigurationPlatforms) = postSolution
		{7744ADA4-AA81-4389-A016-23004F70AE07}.Debug|Any CPU.ActiveCfg = Debug|Any CPU
		{7744ADA4-AA81-4389-A016-23004F70AE07}.Debug|Any CPU.Build.0 = Debug|Any CPU
		{7744ADA4-AA81-4389-A016-23004F70AE07}.Release|Any CPU.ActiveCfg = Release|Any CPU
		{7744ADA4-AA81-4389-A016-23004F70AE07}.Release|Any CPU.Build.0 = Release|Any CPU
		{5FA23510-6902-4615-8592-60F80AF7B107}.Debug|Any CPU.ActiveCfg = Debug|Any CPU
		{5FA23510-6902-4615-8592-60F80AF7B107}.Debug|Any CPU.Build.0 = Debug|Any CPU
		{5FA23510-6902-4615-8592-60F80AF7B107}.Release|Any CPU.ActiveCfg = Release|Any CPU
		{5FA23510-6902-4615-8592-60F80AF7B107}.Release|Any CPU.Build.0 = Release|Any CPU
		{E7AA4037-A065-45D3-B5E7-D774F89529B5}.Debug|Any CPU.ActiveCfg = Debug|Any CPU
		{E7AA4037-A065-45D3-B5E7-D774F89529B5}.Debug|Any CPU.Build.0 = Debug|Any CPU
		{E7AA4037-A065-45D3-B5E7-D774F89529B5}.Release|Any CPU.ActiveCfg = Release|Any CPU
		{E7AA4037-A065-45D3-B5E7-D774F89529B5}.Release|Any CPU.Build.0 = Release|Any CPU
		{39103BEA-45CE-470C-93FE-AC54ED69B715}.Debug|Any CPU.ActiveCfg = Debug|Any CPU
		{39103BEA-45CE-470C-93FE-AC54ED69B715}.Debug|Any CPU.Build.0 = Debug|Any CPU
		{39103BEA-45CE-470C-93FE-AC54ED69B715}.Release|Any CPU.ActiveCfg = Release|Any CPU
		{39103BEA-45CE-470C-93FE-AC54ED69B715}.Release|Any CPU.Build.0 = Release|Any CPU
	EndGlobalSection
	GlobalSection(NestedProjects) = preSolution
		{7744ADA4-AA81-4389-A016-23004F70AE07} = {C2E8A6E4-5235-4F8E-8784-88B244F65DFE}
		{5FA23510-6902-4615-8592-60F80AF7B107} = {C2E8A6E4-5235-4F8E-8784-88B244F65DFE}
		{7880C223-0318-4307-843F-4BA91725BCC5} = {D30677E3-8AD7-4F3B-ADF8-353F61279782}
		{C2E8A6E4-5235-4F8E-8784-88B244F65DFE} = {D30677E3-8AD7-4F3B-ADF8-353F61279782}
		{568FD5E6-9AD0-4CF0-A41D-E763D440E8F0} = {D30677E3-8AD7-4F3B-ADF8-353F61279782}
		{E7AA4037-A065-45D3-B5E7-D774F89529B5} = {7880C223-0318-4307-843F-4BA91725BCC5}
		{DA742B1C-66DB-480E-A1B6-EB3CCB907721} = {D30677E3-8AD7-4F3B-ADF8-353F61279782}
		{39103BEA-45CE-470C-93FE-AC54ED69B715} = {DA742B1C-66DB-480E-A1B6-EB3CCB907721}
	EndGlobalSection
EndGlobal
