
Microsoft Visual Studio Solution File, Format Version 12.00
# Visual Studio 14
VisualStudioVersion = 14.0.25420.1
MinimumVisualStudioVersion = 10.0.40219.1
Project("{8BB2217D-0F2D-49D1-97BC-3654ED321F3B}") = "Jorros.SparBackend", "Jorros.SparBackend\Jorros.SparBackend.xproj", "{5401201A-75F8-4DBF-8B1E-821FE25AB923}"
EndProject
Project("{8BB2217D-0F2D-49D1-97BC-3654ED321F3B}") = "Jorros.SparBackend.Entities", "Jorros.SparBackend.Entities\Jorros.SparBackend.Entities.xproj", "{37F11242-7CBA-412F-92C4-C764A54079FE}"
EndProject
Project("{8BB2217D-0F2D-49D1-97BC-3654ED321F3B}") = "Jorros.SparBackend.Services", "Jorros.SparBackend.Services\Jorros.SparBackend.Services.xproj", "{4963D8D2-1FE1-4AD9-9826-F9F7BEE2C911}"
EndProject
Project("{8BB2217D-0F2D-49D1-97BC-3654ED321F3B}") = "Jorros.SparBackend.Store", "Jorros.SparBackend.Store\Jorros.SparBackend.Store.xproj", "{502992F2-D883-4698-87A5-6E460175513D}"
EndProject
Project("{2150E333-8FDC-42A3-9474-1A3956D46DE8}") = "Gateways", "Gateways", "{425FA554-5BDA-48A9-9C1F-95348CB1BD3B}"
EndProject
Project("{8BB2217D-0F2D-49D1-97BC-3654ED321F3B}") = "Jorros.SparBackend.Store.Static", "Jorros.SparBackend.Store.Static\Jorros.SparBackend.Store.Static.xproj", "{7FBD3CDF-C978-4141-BE24-BCF61ACBC888}"
EndProject
Project("{2150E333-8FDC-42A3-9474-1A3956D46DE8}") = "Domain", "Domain", "{1ACCFA76-810A-4149-8849-EB5C66AC26E1}"
EndProject
Project("{2150E333-8FDC-42A3-9474-1A3956D46DE8}") = "Clients", "Clients", "{BD976E52-3AC1-4926-B7C9-B37F8DF5CAB8}"
EndProject
Global
	GlobalSection(SolutionConfigurationPlatforms) = preSolution
		Debug|Any CPU = Debug|Any CPU
		Release|Any CPU = Release|Any CPU
	EndGlobalSection
	GlobalSection(ProjectConfigurationPlatforms) = postSolution
		{5401201A-75F8-4DBF-8B1E-821FE25AB923}.Debug|Any CPU.ActiveCfg = Debug|Any CPU
		{5401201A-75F8-4DBF-8B1E-821FE25AB923}.Debug|Any CPU.Build.0 = Debug|Any CPU
		{5401201A-75F8-4DBF-8B1E-821FE25AB923}.Release|Any CPU.ActiveCfg = Release|Any CPU
		{5401201A-75F8-4DBF-8B1E-821FE25AB923}.Release|Any CPU.Build.0 = Release|Any CPU
		{37F11242-7CBA-412F-92C4-C764A54079FE}.Debug|Any CPU.ActiveCfg = Debug|Any CPU
		{37F11242-7CBA-412F-92C4-C764A54079FE}.Debug|Any CPU.Build.0 = Debug|Any CPU
		{37F11242-7CBA-412F-92C4-C764A54079FE}.Release|Any CPU.ActiveCfg = Release|Any CPU
		{37F11242-7CBA-412F-92C4-C764A54079FE}.Release|Any CPU.Build.0 = Release|Any CPU
		{4963D8D2-1FE1-4AD9-9826-F9F7BEE2C911}.Debug|Any CPU.ActiveCfg = Debug|Any CPU
		{4963D8D2-1FE1-4AD9-9826-F9F7BEE2C911}.Debug|Any CPU.Build.0 = Debug|Any CPU
		{4963D8D2-1FE1-4AD9-9826-F9F7BEE2C911}.Release|Any CPU.ActiveCfg = Release|Any CPU
		{4963D8D2-1FE1-4AD9-9826-F9F7BEE2C911}.Release|Any CPU.Build.0 = Release|Any CPU
		{502992F2-D883-4698-87A5-6E460175513D}.Debug|Any CPU.ActiveCfg = Debug|Any CPU
		{502992F2-D883-4698-87A5-6E460175513D}.Debug|Any CPU.Build.0 = Debug|Any CPU
		{502992F2-D883-4698-87A5-6E460175513D}.Release|Any CPU.ActiveCfg = Release|Any CPU
		{502992F2-D883-4698-87A5-6E460175513D}.Release|Any CPU.Build.0 = Release|Any CPU
		{7FBD3CDF-C978-4141-BE24-BCF61ACBC888}.Debug|Any CPU.ActiveCfg = Debug|Any CPU
		{7FBD3CDF-C978-4141-BE24-BCF61ACBC888}.Debug|Any CPU.Build.0 = Debug|Any CPU
		{7FBD3CDF-C978-4141-BE24-BCF61ACBC888}.Release|Any CPU.ActiveCfg = Release|Any CPU
		{7FBD3CDF-C978-4141-BE24-BCF61ACBC888}.Release|Any CPU.Build.0 = Release|Any CPU
	EndGlobalSection
	GlobalSection(SolutionProperties) = preSolution
		HideSolutionNode = FALSE
	EndGlobalSection
	GlobalSection(NestedProjects) = preSolution
		{5401201A-75F8-4DBF-8B1E-821FE25AB923} = {BD976E52-3AC1-4926-B7C9-B37F8DF5CAB8}
		{37F11242-7CBA-412F-92C4-C764A54079FE} = {1ACCFA76-810A-4149-8849-EB5C66AC26E1}
		{4963D8D2-1FE1-4AD9-9826-F9F7BEE2C911} = {1ACCFA76-810A-4149-8849-EB5C66AC26E1}
		{502992F2-D883-4698-87A5-6E460175513D} = {425FA554-5BDA-48A9-9C1F-95348CB1BD3B}
		{7FBD3CDF-C978-4141-BE24-BCF61ACBC888} = {425FA554-5BDA-48A9-9C1F-95348CB1BD3B}
	EndGlobalSection
EndGlobal
